
Microsoft Visual Studio Solution File, Format Version 12.00
# Visual Studio 14
VisualStudioVersion = 14.0.23107.0
MinimumVisualStudioVersion = 10.0.40219.1
Project("{2150E333-8FDC-42A3-9474-1A3956D46DE8}") = "Windows 8.1 - nie skończona", "Windows 8.1 - nie skończona", "{36E5EAAB-645F-4397-9F49-D0A172267629}"
EndProject
Project("{2150E333-8FDC-42A3-9474-1A3956D46DE8}") = "Windows Phone 8", "Windows Phone 8", "{427BFCBF-7BAF-4FC0-BD3A-92D83FFD4472}"
EndProject
Project("{2150E333-8FDC-42A3-9474-1A3956D46DE8}") = "Windows 10", "Windows 10", "{FBF9F97E-3B69-421D-B23C-C2AFBE4CDE4C}"
EndProject
Project("{FAE04EC0-301F-11D3-BF4B-00C04F79EFBC}") = "Motywuj", "Windows 10\Motywuj.csproj", "{FB90C183-9F47-490B-B4B7-3D273B2CD1F5}"
EndProject
Project("{FAE04EC0-301F-11D3-BF4B-00C04F79EFBC}") = "Motywuj", "Windows Phone 8\Motywuj.csproj", "{B94D9FA4-34A1-4783-97A1-F351B9014A67}"
EndProject
Project("{D954291E-2A0B-460D-934E-DC6B0785DB48}") = "Motywuj.Shared", "Windows 8.1\Motywuj.Shared\Motywuj.Shared.shproj", "{2DF088C5-EE5E-4C37-B34A-B1BEA9F394B0}"
EndProject
Project("{FAE04EC0-301F-11D3-BF4B-00C04F79EFBC}") = "Motywuj.Windows", "Windows 8.1\Motywuj.Windows\Motywuj.Windows.csproj", "{3E1CFE63-C272-470F-9D6F-FE4A77E32655}"
EndProject
Project("{FAE04EC0-301F-11D3-BF4B-00C04F79EFBC}") = "Motywuj.WindowsPhone", "Windows 8.1\Motywuj.WindowsPhone\Motywuj.WindowsPhone.csproj", "{5F0D54C7-92BE-4EC3-B80E-55F611854546}"
EndProject
Global
	GlobalSection(SharedMSBuildProjectFiles) = preSolution
		Windows 8.1\Motywuj.Shared\Motywuj.Shared.projitems*{5f0d54c7-92be-4ec3-b80e-55f611854546}*SharedItemsImports = 4
		Windows 8.1\Motywuj.Shared\Motywuj.Shared.projitems*{3e1cfe63-c272-470f-9d6f-fe4a77e32655}*SharedItemsImports = 4
		Windows 8.1\Motywuj.Shared\Motywuj.Shared.projitems*{2df088c5-ee5e-4c37-b34a-b1bea9f394b0}*SharedItemsImports = 13
	EndGlobalSection
	GlobalSection(SolutionConfigurationPlatforms) = preSolution
		Debug|Any CPU = Debug|Any CPU
		Debug|ARM = Debug|ARM
		Debug|x64 = Debug|x64
		Debug|x86 = Debug|x86
		Release|Any CPU = Release|Any CPU
		Release|ARM = Release|ARM
		Release|x64 = Release|x64
		Release|x86 = Release|x86
		Trial|Any CPU = Trial|Any CPU
		Trial|ARM = Trial|ARM
		Trial|x64 = Trial|x64
		Trial|x86 = Trial|x86
	EndGlobalSection
	GlobalSection(ProjectConfigurationPlatforms) = postSolution
		{FB90C183-9F47-490B-B4B7-3D273B2CD1F5}.Debug|Any CPU.ActiveCfg = Debug|x86
		{FB90C183-9F47-490B-B4B7-3D273B2CD1F5}.Debug|ARM.ActiveCfg = Debug|ARM
		{FB90C183-9F47-490B-B4B7-3D273B2CD1F5}.Debug|ARM.Build.0 = Debug|ARM
		{FB90C183-9F47-490B-B4B7-3D273B2CD1F5}.Debug|ARM.Deploy.0 = Debug|ARM
		{FB90C183-9F47-490B-B4B7-3D273B2CD1F5}.Debug|x64.ActiveCfg = Debug|x64
		{FB90C183-9F47-490B-B4B7-3D273B2CD1F5}.Debug|x64.Build.0 = Debug|x64
		{FB90C183-9F47-490B-B4B7-3D273B2CD1F5}.Debug|x64.Deploy.0 = Debug|x64
		{FB90C183-9F47-490B-B4B7-3D273B2CD1F5}.Debug|x86.ActiveCfg = Debug|x86
		{FB90C183-9F47-490B-B4B7-3D273B2CD1F5}.Debug|x86.Build.0 = Debug|x86
		{FB90C183-9F47-490B-B4B7-3D273B2CD1F5}.Debug|x86.Deploy.0 = Debug|x86
		{FB90C183-9F47-490B-B4B7-3D273B2CD1F5}.Release|Any CPU.ActiveCfg = Release|x86
		{FB90C183-9F47-490B-B4B7-3D273B2CD1F5}.Release|ARM.ActiveCfg = Release|ARM
		{FB90C183-9F47-490B-B4B7-3D273B2CD1F5}.Release|ARM.Build.0 = Release|ARM
		{FB90C183-9F47-490B-B4B7-3D273B2CD1F5}.Release|ARM.Deploy.0 = Release|ARM
		{FB90C183-9F47-490B-B4B7-3D273B2CD1F5}.Release|x64.ActiveCfg = Release|x64
		{FB90C183-9F47-490B-B4B7-3D273B2CD1F5}.Release|x64.Build.0 = Release|x64
		{FB90C183-9F47-490B-B4B7-3D273B2CD1F5}.Release|x64.Deploy.0 = Release|x64
		{FB90C183-9F47-490B-B4B7-3D273B2CD1F5}.Release|x86.ActiveCfg = Release|x86
		{FB90C183-9F47-490B-B4B7-3D273B2CD1F5}.Release|x86.Build.0 = Release|x86
		{FB90C183-9F47-490B-B4B7-3D273B2CD1F5}.Release|x86.Deploy.0 = Release|x86
		{FB90C183-9F47-490B-B4B7-3D273B2CD1F5}.Trial|Any CPU.ActiveCfg = Release|x86
		{FB90C183-9F47-490B-B4B7-3D273B2CD1F5}.Trial|Any CPU.Build.0 = Release|x86
		{FB90C183-9F47-490B-B4B7-3D273B2CD1F5}.Trial|Any CPU.Deploy.0 = Release|x86
		{FB90C183-9F47-490B-B4B7-3D273B2CD1F5}.Trial|ARM.ActiveCfg = Release|ARM
		{FB90C183-9F47-490B-B4B7-3D273B2CD1F5}.Trial|ARM.Build.0 = Release|ARM
		{FB90C183-9F47-490B-B4B7-3D273B2CD1F5}.Trial|ARM.Deploy.0 = Release|ARM
		{FB90C183-9F47-490B-B4B7-3D273B2CD1F5}.Trial|x64.ActiveCfg = Release|x64
		{FB90C183-9F47-490B-B4B7-3D273B2CD1F5}.Trial|x64.Build.0 = Release|x64
		{FB90C183-9F47-490B-B4B7-3D273B2CD1F5}.Trial|x64.Deploy.0 = Release|x64
		{FB90C183-9F47-490B-B4B7-3D273B2CD1F5}.Trial|x86.ActiveCfg = Release|x86
		{FB90C183-9F47-490B-B4B7-3D273B2CD1F5}.Trial|x86.Build.0 = Release|x86
		{FB90C183-9F47-490B-B4B7-3D273B2CD1F5}.Trial|x86.Deploy.0 = Release|x86
		{B94D9FA4-34A1-4783-97A1-F351B9014A67}.Debug|Any CPU.ActiveCfg = Debug|Any CPU
		{B94D9FA4-34A1-4783-97A1-F351B9014A67}.Debug|Any CPU.Build.0 = Debug|Any CPU
		{B94D9FA4-34A1-4783-97A1-F351B9014A67}.Debug|Any CPU.Deploy.0 = Debug|Any CPU
		{B94D9FA4-34A1-4783-97A1-F351B9014A67}.Debug|ARM.ActiveCfg = Debug|ARM
		{B94D9FA4-34A1-4783-97A1-F351B9014A67}.Debug|ARM.Build.0 = Debug|ARM
		{B94D9FA4-34A1-4783-97A1-F351B9014A67}.Debug|ARM.Deploy.0 = Debug|ARM
		{B94D9FA4-34A1-4783-97A1-F351B9014A67}.Debug|x64.ActiveCfg = Debug|Any CPU
		{B94D9FA4-34A1-4783-97A1-F351B9014A67}.Debug|x64.Build.0 = Debug|Any CPU
		{B94D9FA4-34A1-4783-97A1-F351B9014A67}.Debug|x64.Deploy.0 = Debug|Any CPU
		{B94D9FA4-34A1-4783-97A1-F351B9014A67}.Debug|x86.ActiveCfg = Debug|x86
		{B94D9FA4-34A1-4783-97A1-F351B9014A67}.Debug|x86.Build.0 = Debug|x86
		{B94D9FA4-34A1-4783-97A1-F351B9014A67}.Debug|x86.Deploy.0 = Debug|x86
		{B94D9FA4-34A1-4783-97A1-F351B9014A67}.Release|Any CPU.ActiveCfg = Release|Any CPU
		{B94D9FA4-34A1-4783-97A1-F351B9014A67}.Release|Any CPU.Build.0 = Release|Any CPU
		{B94D9FA4-34A1-4783-97A1-F351B9014A67}.Release|Any CPU.Deploy.0 = Release|Any CPU
		{B94D9FA4-34A1-4783-97A1-F351B9014A67}.Release|ARM.ActiveCfg = Release|ARM
		{B94D9FA4-34A1-4783-97A1-F351B9014A67}.Release|ARM.Build.0 = Release|ARM
		{B94D9FA4-34A1-4783-97A1-F351B9014A67}.Release|ARM.Deploy.0 = Release|ARM
		{B94D9FA4-34A1-4783-97A1-F351B9014A67}.Release|x64.ActiveCfg = Release|Any CPU
		{B94D9FA4-34A1-4783-97A1-F351B9014A67}.Release|x64.Build.0 = Release|Any CPU
		{B94D9FA4-34A1-4783-97A1-F351B9014A67}.Release|x64.Deploy.0 = Release|Any CPU
		{B94D9FA4-34A1-4783-97A1-F351B9014A67}.Release|x86.ActiveCfg = Release|x86
		{B94D9FA4-34A1-4783-97A1-F351B9014A67}.Release|x86.Build.0 = Release|x86
		{B94D9FA4-34A1-4783-97A1-F351B9014A67}.Release|x86.Deploy.0 = Release|x86
		{B94D9FA4-34A1-4783-97A1-F351B9014A67}.Trial|Any CPU.ActiveCfg = Trial|Any CPU
		{B94D9FA4-34A1-4783-97A1-F351B9014A67}.Trial|Any CPU.Build.0 = Trial|Any CPU
		{B94D9FA4-34A1-4783-97A1-F351B9014A67}.Trial|Any CPU.Deploy.0 = Trial|Any CPU
		{B94D9FA4-34A1-4783-97A1-F351B9014A67}.Trial|ARM.ActiveCfg = Trial|ARM
		{B94D9FA4-34A1-4783-97A1-F351B9014A67}.Trial|ARM.Build.0 = Trial|ARM
		{B94D9FA4-34A1-4783-97A1-F351B9014A67}.Trial|ARM.Deploy.0 = Trial|ARM
		{B94D9FA4-34A1-4783-97A1-F351B9014A67}.Trial|x64.ActiveCfg = Trial|Any CPU
		{B94D9FA4-34A1-4783-97A1-F351B9014A67}.Trial|x64.Build.0 = Trial|Any CPU
		{B94D9FA4-34A1-4783-97A1-F351B9014A67}.Trial|x64.Deploy.0 = Trial|Any CPU
		{B94D9FA4-34A1-4783-97A1-F351B9014A67}.Trial|x86.ActiveCfg = Trial|x86
		{B94D9FA4-34A1-4783-97A1-F351B9014A67}.Trial|x86.Build.0 = Trial|x86
		{B94D9FA4-34A1-4783-97A1-F351B9014A67}.Trial|x86.Deploy.0 = Trial|x86
		{3E1CFE63-C272-470F-9D6F-FE4A77E32655}.Debug|Any CPU.ActiveCfg = Debug|Any CPU
		{3E1CFE63-C272-470F-9D6F-FE4A77E32655}.Debug|Any CPU.Build.0 = Debug|Any CPU
		{3E1CFE63-C272-470F-9D6F-FE4A77E32655}.Debug|Any CPU.Deploy.0 = Debug|Any CPU
		{3E1CFE63-C272-470F-9D6F-FE4A77E32655}.Debug|ARM.ActiveCfg = Debug|ARM
		{3E1CFE63-C272-470F-9D6F-FE4A77E32655}.Debug|ARM.Build.0 = Debug|ARM
		{3E1CFE63-C272-470F-9D6F-FE4A77E32655}.Debug|ARM.Deploy.0 = Debug|ARM
		{3E1CFE63-C272-470F-9D6F-FE4A77E32655}.Debug|x64.ActiveCfg = Debug|x64
		{3E1CFE63-C272-470F-9D6F-FE4A77E32655}.Debug|x64.Build.0 = Debug|x64
		{3E1CFE63-C272-470F-9D6F-FE4A77E32655}.Debug|x64.Deploy.0 = Debug|x64
		{3E1CFE63-C272-470F-9D6F-FE4A77E32655}.Debug|x86.ActiveCfg = Debug|x86
		{3E1CFE63-C272-470F-9D6F-FE4A77E32655}.Debug|x86.Build.0 = Debug|x86
		{3E1CFE63-C272-470F-9D6F-FE4A77E32655}.Debug|x86.Deploy.0 = Debug|x86
		{3E1CFE63-C272-470F-9D6F-FE4A77E32655}.Release|Any CPU.ActiveCfg = Release|Any CPU
		{3E1CFE63-C272-470F-9D6F-FE4A77E32655}.Release|Any CPU.Build.0 = Release|Any CPU
		{3E1CFE63-C272-470F-9D6F-FE4A77E32655}.Release|Any CPU.Deploy.0 = Release|Any CPU
		{3E1CFE63-C272-470F-9D6F-FE4A77E32655}.Release|ARM.ActiveCfg = Release|ARM
		{3E1CFE63-C272-470F-9D6F-FE4A77E32655}.Release|ARM.Build.0 = Release|ARM
		{3E1CFE63-C272-470F-9D6F-FE4A77E32655}.Release|ARM.Deploy.0 = Release|ARM
		{3E1CFE63-C272-470F-9D6F-FE4A77E32655}.Release|x64.ActiveCfg = Release|x64
		{3E1CFE63-C272-470F-9D6F-FE4A77E32655}.Release|x64.Build.0 = Release|x64
		{3E1CFE63-C272-470F-9D6F-FE4A77E32655}.Release|x64.Deploy.0 = Release|x64
		{3E1CFE63-C272-470F-9D6F-FE4A77E32655}.Release|x86.ActiveCfg = Release|x86
		{3E1CFE63-C272-470F-9D6F-FE4A77E32655}.Release|x86.Build.0 = Release|x86
		{3E1CFE63-C272-470F-9D6F-FE4A77E32655}.Release|x86.Deploy.0 = Release|x86
		{3E1CFE63-C272-470F-9D6F-FE4A77E32655}.Trial|Any CPU.ActiveCfg = Release|Any CPU
		{3E1CFE63-C272-470F-9D6F-FE4A77E32655}.Trial|Any CPU.Build.0 = Release|Any CPU
		{3E1CFE63-C272-470F-9D6F-FE4A77E32655}.Trial|Any CPU.Deploy.0 = Release|Any CPU
		{3E1CFE63-C272-470F-9D6F-FE4A77E32655}.Trial|ARM.ActiveCfg = Release|ARM
		{3E1CFE63-C272-470F-9D6F-FE4A77E32655}.Trial|ARM.Build.0 = Release|ARM
		{3E1CFE63-C272-470F-9D6F-FE4A77E32655}.Trial|ARM.Deploy.0 = Release|ARM
		{3E1CFE63-C272-470F-9D6F-FE4A77E32655}.Trial|x64.ActiveCfg = Release|x64
		{3E1CFE63-C272-470F-9D6F-FE4A77E32655}.Trial|x64.Build.0 = Release|x64
		{3E1CFE63-C272-470F-9D6F-FE4A77E32655}.Trial|x64.Deploy.0 = Release|x64
		{3E1CFE63-C272-470F-9D6F-FE4A77E32655}.Trial|x86.ActiveCfg = Release|x86
		{3E1CFE63-C272-470F-9D6F-FE4A77E32655}.Trial|x86.Build.0 = Release|x86
		{3E1CFE63-C272-470F-9D6F-FE4A77E32655}.Trial|x86.Deploy.0 = Release|x86
		{5F0D54C7-92BE-4EC3-B80E-55F611854546}.Debug|Any CPU.ActiveCfg = Debug|Any CPU
		{5F0D54C7-92BE-4EC3-B80E-55F611854546}.Debug|Any CPU.Build.0 = Debug|Any CPU
		{5F0D54C7-92BE-4EC3-B80E-55F611854546}.Debug|Any CPU.Deploy.0 = Debug|Any CPU
		{5F0D54C7-92BE-4EC3-B80E-55F611854546}.Debug|ARM.ActiveCfg = Debug|ARM
		{5F0D54C7-92BE-4EC3-B80E-55F611854546}.Debug|ARM.Build.0 = Debug|ARM
		{5F0D54C7-92BE-4EC3-B80E-55F611854546}.Debug|ARM.Deploy.0 = Debug|ARM
		{5F0D54C7-92BE-4EC3-B80E-55F611854546}.Debug|x64.ActiveCfg = Debug|Any CPU
		{5F0D54C7-92BE-4EC3-B80E-55F611854546}.Debug|x64.Build.0 = Debug|Any CPU
		{5F0D54C7-92BE-4EC3-B80E-55F611854546}.Debug|x64.Deploy.0 = Debug|Any CPU
		{5F0D54C7-92BE-4EC3-B80E-55F611854546}.Debug|x86.ActiveCfg = Debug|x86
		{5F0D54C7-92BE-4EC3-B80E-55F611854546}.Debug|x86.Build.0 = Debug|x86
		{5F0D54C7-92BE-4EC3-B80E-55F611854546}.Debug|x86.Deploy.0 = Debug|x86
		{5F0D54C7-92BE-4EC3-B80E-55F611854546}.Release|Any CPU.ActiveCfg = Release|Any CPU
		{5F0D54C7-92BE-4EC3-B80E-55F611854546}.Release|Any CPU.Build.0 = Release|Any CPU
		{5F0D54C7-92BE-4EC3-B80E-55F611854546}.Release|Any CPU.Deploy.0 = Release|Any CPU
		{5F0D54C7-92BE-4EC3-B80E-55F611854546}.Release|ARM.ActiveCfg = Release|ARM
		{5F0D54C7-92BE-4EC3-B80E-55F611854546}.Release|ARM.Build.0 = Release|ARM
		{5F0D54C7-92BE-4EC3-B80E-55F611854546}.Release|ARM.Deploy.0 = Release|ARM
		{5F0D54C7-92BE-4EC3-B80E-55F611854546}.Release|x64.ActiveCfg = Release|Any CPU
		{5F0D54C7-92BE-4EC3-B80E-55F611854546}.Release|x64.Build.0 = Release|Any CPU
		{5F0D54C7-92BE-4EC3-B80E-55F611854546}.Release|x64.Deploy.0 = Release|Any CPU
		{5F0D54C7-92BE-4EC3-B80E-55F611854546}.Release|x86.ActiveCfg = Release|x86
		{5F0D54C7-92BE-4EC3-B80E-55F611854546}.Release|x86.Build.0 = Release|x86
		{5F0D54C7-92BE-4EC3-B80E-55F611854546}.Release|x86.Deploy.0 = Release|x86
		{5F0D54C7-92BE-4EC3-B80E-55F611854546}.Trial|Any CPU.ActiveCfg = Release|Any CPU
		{5F0D54C7-92BE-4EC3-B80E-55F611854546}.Trial|Any CPU.Build.0 = Release|Any CPU
		{5F0D54C7-92BE-4EC3-B80E-55F611854546}.Trial|Any CPU.Deploy.0 = Release|Any CPU
		{5F0D54C7-92BE-4EC3-B80E-55F611854546}.Trial|ARM.ActiveCfg = Release|ARM
		{5F0D54C7-92BE-4EC3-B80E-55F611854546}.Trial|ARM.Build.0 = Release|ARM
		{5F0D54C7-92BE-4EC3-B80E-55F611854546}.Trial|ARM.Deploy.0 = Release|ARM
		{5F0D54C7-92BE-4EC3-B80E-55F611854546}.Trial|x64.ActiveCfg = Release|Any CPU
		{5F0D54C7-92BE-4EC3-B80E-55F611854546}.Trial|x64.Build.0 = Release|Any CPU
		{5F0D54C7-92BE-4EC3-B80E-55F611854546}.Trial|x64.Deploy.0 = Release|Any CPU
		{5F0D54C7-92BE-4EC3-B80E-55F611854546}.Trial|x86.ActiveCfg = Release|x86
		{5F0D54C7-92BE-4EC3-B80E-55F611854546}.Trial|x86.Build.0 = Release|x86
		{5F0D54C7-92BE-4EC3-B80E-55F611854546}.Trial|x86.Deploy.0 = Release|x86
	EndGlobalSection
	GlobalSection(SolutionProperties) = preSolution
		HideSolutionNode = FALSE
	EndGlobalSection
	GlobalSection(NestedProjects) = preSolution
		{FB90C183-9F47-490B-B4B7-3D273B2CD1F5} = {FBF9F97E-3B69-421D-B23C-C2AFBE4CDE4C}
		{B94D9FA4-34A1-4783-97A1-F351B9014A67} = {427BFCBF-7BAF-4FC0-BD3A-92D83FFD4472}
		{2DF088C5-EE5E-4C37-B34A-B1BEA9F394B0} = {36E5EAAB-645F-4397-9F49-D0A172267629}
		{3E1CFE63-C272-470F-9D6F-FE4A77E32655} = {36E5EAAB-645F-4397-9F49-D0A172267629}
		{5F0D54C7-92BE-4EC3-B80E-55F611854546} = {36E5EAAB-645F-4397-9F49-D0A172267629}
	EndGlobalSection
EndGlobal
